// !$*UTF8*$!
{
	archiveVersion = 1;
	classes = {
	};
	objectVersion = 56;
	objects = {

/* Begin PBXBuildFile section */
		8787DB7C2B5968BB0069F32D /* AppDelegate.m in Sources */ = {isa = PBXBuildFile; fileRef = 8787DB7B2B5968BB0069F32D /* AppDelegate.m */; };
		8787DB7F2B5968BB0069F32D /* SceneDelegate.m in Sources */ = {isa = PBXBuildFile; fileRef = 8787DB7E2B5968BB0069F32D /* SceneDelegate.m */; };
		8787DB872B5968BD0069F32D /* Assets.xcassets in Resources */ = {isa = PBXBuildFile; fileRef = 8787DB862B5968BD0069F32D /* Assets.xcassets */; };
		8787DB8A2B5968BD0069F32D /* LaunchScreen.storyboard in Resources */ = {isa = PBXBuildFile; fileRef = 8787DB882B5968BD0069F32D /* LaunchScreen.storyboard */; };
		8787DB8D2B5968BD0069F32D /* main.m in Sources */ = {isa = PBXBuildFile; fileRef = 8787DB8C2B5968BD0069F32D /* main.m */; };
		8787DB952B59692C0069F32D /* Loader.m in Sources */ = {isa = PBXBuildFile; fileRef = 8787DB932B59692C0069F32D /* Loader.m */; };
		8787DB982B5969A60069F32D /* GETViewController.m in Sources */ = {isa = PBXBuildFile; fileRef = 8787DB972B5969A60069F32D /* GETViewController.m */; };
		8787DB9B2B597C690069F32D /* POSTViewController.m in Sources */ = {isa = PBXBuildFile; fileRef = 8787DB9A2B597C690069F32D /* POSTViewController.m */; };
/* End PBXBuildFile section */

/* Begin PBXFileReference section */
		8787DB772B5968BB0069F32D /* HW05.app */ = {isa = PBXFileReference; explicitFileType = wrapper.application; includeInIndex = 0; path = HW05.app; sourceTree = BUILT_PRODUCTS_DIR; };
		8787DB7A2B5968BB0069F32D /* AppDelegate.h */ = {isa = PBXFileReference; lastKnownFileType = sourcecode.c.h; path = AppDelegate.h; sourceTree = "<group>"; };
		8787DB7B2B5968BB0069F32D /* AppDelegate.m */ = {isa = PBXFileReference; lastKnownFileType = sourcecode.c.objc; path = AppDelegate.m; sourceTree = "<group>"; };
		8787DB7D2B5968BB0069F32D /* SceneDelegate.h */ = {isa = PBXFileReference; lastKnownFileType = sourcecode.c.h; path = SceneDelegate.h; sourceTree = "<group>"; };
		8787DB7E2B5968BB0069F32D /* SceneDelegate.m */ = {isa = PBXFileReference; lastKnownFileType = sourcecode.c.objc; path = SceneDelegate.m; sourceTree = "<group>"; };
		8787DB862B5968BD0069F32D /* Assets.xcassets */ = {isa = PBXFileReference; lastKnownFileType = folder.assetcatalog; path = Assets.xcassets; sourceTree = "<group>"; };
		8787DB892B5968BD0069F32D /* Base */ = {isa = PBXFileReference; lastKnownFileType = file.storyboard; name = Base; path = Base.lproj/LaunchScreen.storyboard; sourceTree = "<group>"; };
		8787DB8B2B5968BD0069F32D /* Info.plist */ = {isa = PBXFileReference; lastKnownFileType = text.plist.xml; path = Info.plist; sourceTree = "<group>"; };
		8787DB8C2B5968BD0069F32D /* main.m */ = {isa = PBXFileReference; lastKnownFileType = sourcecode.c.objc; path = main.m; sourceTree = "<group>"; };
		8787DB932B59692C0069F32D /* Loader.m */ = {isa = PBXFileReference; fileEncoding = 4; lastKnownFileType = sourcecode.c.objc; name = Loader.m; path = ../../../Sems/Seminar05UIKit/Seminar05UIKit/Loader.m; sourceTree = "<group>"; };
		8787DB942B59692C0069F32D /* Loader.h */ = {isa = PBXFileReference; fileEncoding = 4; lastKnownFileType = sourcecode.c.h; name = Loader.h; path = ../../../Sems/Seminar05UIKit/Seminar05UIKit/Loader.h; sourceTree = "<group>"; };
		8787DB962B5969A60069F32D /* GETViewController.h */ = {isa = PBXFileReference; fileEncoding = 4; lastKnownFileType = sourcecode.c.h; name = GETViewController.h; path = ../../../Sems/Seminar05UIKit/Seminar05UIKit/GETViewController.h; sourceTree = "<group>"; };
		8787DB972B5969A60069F32D /* GETViewController.m */ = {isa = PBXFileReference; fileEncoding = 4; lastKnownFileType = sourcecode.c.objc; name = GETViewController.m; path = ../../../Sems/Seminar05UIKit/Seminar05UIKit/GETViewController.m; sourceTree = "<group>"; };
		8787DB992B597C690069F32D /* POSTViewController.h */ = {isa = PBXFileReference; lastKnownFileType = sourcecode.c.h; path = POSTViewController.h; sourceTree = "<group>"; };
		8787DB9A2B597C690069F32D /* POSTViewController.m */ = {isa = PBXFileReference; lastKnownFileType = sourcecode.c.objc; path = POSTViewController.m; sourceTree = "<group>"; };
/* End PBXFileReference section */

/* Begin PBXFrameworksBuildPhase section */
		8787DB742B5968BB0069F32D /* Frameworks */ = {
			isa = PBXFrameworksBuildPhase;
			buildActionMask = 2147483647;
			files = (
			);
			runOnlyForDeploymentPostprocessing = 0;
		};
/* End PBXFrameworksBuildPhase section */

/* Begin PBXGroup section */
		8787DB6E2B5968BB0069F32D = {
			isa = PBXGroup;
			children = (
				8787DB792B5968BB0069F32D /* HW05 */,
				8787DB782B5968BB0069F32D /* Products */,
			);
			sourceTree = "<group>";
		};
		8787DB782B5968BB0069F32D /* Products */ = {
			isa = PBXGroup;
			children = (
				8787DB772B5968BB0069F32D /* HW05.app */,
			);
			name = Products;
			sourceTree = "<group>";
		};
		8787DB792B5968BB0069F32D /* HW05 */ = {
			isa = PBXGroup;
			children = (
				8787DB7A2B5968BB0069F32D /* AppDelegate.h */,
				8787DB7B2B5968BB0069F32D /* AppDelegate.m */,
				8787DB7D2B5968BB0069F32D /* SceneDelegate.h */,
				8787DB7E2B5968BB0069F32D /* SceneDelegate.m */,
				8787DB962B5969A60069F32D /* GETViewController.h */,
				8787DB972B5969A60069F32D /* GETViewController.m */,
				8787DB992B597C690069F32D /* POSTViewController.h */,
				8787DB9A2B597C690069F32D /* POSTViewController.m */,
				8787DB942B59692C0069F32D /* Loader.h */,
				8787DB932B59692C0069F32D /* Loader.m */,
				8787DB862B5968BD0069F32D /* Assets.xcassets */,
				8787DB882B5968BD0069F32D /* LaunchScreen.storyboard */,
				8787DB8B2B5968BD0069F32D /* Info.plist */,
				8787DB8C2B5968BD0069F32D /* main.m */,
			);
			path = HW05;
			sourceTree = "<group>";
		};
/* End PBXGroup section */

/* Begin PBXNativeTarget section */
		8787DB762B5968BB0069F32D /* HW05 */ = {
			isa = PBXNativeTarget;
			buildConfigurationList = 8787DB902B5968BD0069F32D /* Build configuration list for PBXNativeTarget "HW05" */;
			buildPhases = (
				8787DB732B5968BB0069F32D /* Sources */,
				8787DB742B5968BB0069F32D /* Frameworks */,
				8787DB752B5968BB0069F32D /* Resources */,
			);
			buildRules = (
			);
			dependencies = (
			);
			name = HW05;
			productName = HW05;
			productReference = 8787DB772B5968BB0069F32D /* HW05.app */;
			productType = "com.apple.product-type.application";
		};
/* End PBXNativeTarget section */

/* Begin PBXProject section */
		8787DB6F2B5968BB0069F32D /* Project object */ = {
			isa = PBXProject;
			attributes = {
				BuildIndependentTargetsInParallel = 1;
				LastUpgradeCheck = 1520;
				TargetAttributes = {
					8787DB762B5968BB0069F32D = {
						CreatedOnToolsVersion = 15.2;
					};
				};
			};
			buildConfigurationList = 8787DB722B5968BB0069F32D /* Build configuration list for PBXProject "HW05" */;
			compatibilityVersion = "Xcode 14.0";
			developmentRegion = en;
			hasScannedForEncodings = 0;
			knownRegions = (
				en,
				Base,
			);
			mainGroup = 8787DB6E2B5968BB0069F32D;
			productRefGroup = 8787DB782B5968BB0069F32D /* Products */;
			projectDirPath = "";
			projectRoot = "";
			targets = (
				8787DB762B5968BB0069F32D /* HW05 */,
			);
		};
/* End PBXProject section */

/* Begin PBXResourcesBuildPhase section */
		8787DB752B5968BB0069F32D /* Resources */ = {
			isa = PBXResourcesBuildPhase;
			buildActionMask = 2147483647;
			files = (
				8787DB8A2B5968BD0069F32D /* LaunchScreen.storyboard in Resources */,
				8787DB872B5968BD0069F32D /* Assets.xcassets in Resources */,
			);
			runOnlyForDeploymentPostprocessing = 0;
		};
/* End PBXResourcesBuildPhase section */

/* Begin PBXSourcesBuildPhase section */
		8787DB732B5968BB0069F32D /* Sources */ = {
			isa = PBXSourcesBuildPhase;
			buildActionMask = 2147483647;
			files = (
				8787DB9B2B597C690069F32D /* POSTViewController.m in Sources */,
				8787DB7C2B5968BB0069F32D /* AppDelegate.m in Sources */,
				8787DB8D2B5968BD0069F32D /* main.m in Sources */,
				8787DB7F2B5968BB0069F32D /* SceneDelegate.m in Sources */,
				8787DB952B59692C0069F32D /* Loader.m in Sources */,
				8787DB982B5969A60069F32D /* GETViewController.m in Sources */,
			);
			runOnlyForDeploymentPostprocessing = 0;
		};
/* End PBXSourcesBuildPhase section */

/* Begin PBXVariantGroup section */
		8787DB882B5968BD0069F32D /* LaunchScreen.storyboard */ = {
			isa = PBXVariantGroup;
			children = (
				8787DB892B5968BD0069F32D /* Base */,
			);
			name = LaunchScreen.storyboard;
			sourceTree = "<group>";
		};
/* End PBXVariantGroup section */

/* Begin XCBuildConfiguration section */
		8787DB8E2B5968BD0069F32D /* Debug */ = {
			isa = XCBuildConfiguration;
			buildSettings = {
				ALWAYS_SEARCH_USER_PATHS = NO;
				ASSETCATALOG_COMPILER_GENERATE_SWIFT_ASSET_SYMBOL_EXTENSIONS = YES;
				CLANG_ANALYZER_NONNULL = YES;
				CLANG_ANALYZER_NUMBER_OBJECT_CONVERSION = YES_AGGRESSIVE;
				CLANG_CXX_LANGUAGE_STANDARD = "gnu++20";
				CLANG_ENABLE_MODULES = YES;
				CLANG_ENABLE_OBJC_ARC = YES;
				CLANG_ENABLE_OBJC_WEAK = YES;
				CLANG_WARN_BLOCK_CAPTURE_AUTORELEASING = YES;
				CLANG_WARN_BOOL_CONVERSION = YES;
				CLANG_WARN_COMMA = YES;
				CLANG_WARN_CONSTANT_CONVERSION = YES;
				CLANG_WARN_DEPRECATED_OBJC_IMPLEMENTATIONS = YES;
				CLANG_WARN_DIRECT_OBJC_ISA_USAGE = YES_ERROR;
				CLANG_WARN_DOCUMENTATION_COMMENTS = YES;
				CLANG_WARN_EMPTY_BODY = YES;
				CLANG_WARN_ENUM_CONVERSION = YES;
				CLANG_WARN_INFINITE_RECURSION = YES;
				CLANG_WARN_INT_CONVERSION = YES;
				CLANG_WARN_NON_LITERAL_NULL_CONVERSION = YES;
				CLANG_WARN_OBJC_IMPLICIT_RETAIN_SELF = YES;
				CLANG_WARN_OBJC_LITERAL_CONVERSION = YES;
				CLANG_WARN_OBJC_ROOT_CLASS = YES_ERROR;
				CLANG_WARN_QUOTED_INCLUDE_IN_FRAMEWORK_HEADER = YES;
				CLANG_WARN_RANGE_LOOP_ANALYSIS = YES;
				CLANG_WARN_STRICT_PROTOTYPES = YES;
				CLANG_WARN_SUSPICIOUS_MOVE = YES;
				CLANG_WARN_UNGUARDED_AVAILABILITY = YES_AGGRESSIVE;
				CLANG_WARN_UNREACHABLE_CODE = YES;
				CLANG_WARN__DUPLICATE_METHOD_MATCH = YES;
				COPY_PHASE_STRIP = NO;
				DEBUG_INFORMATION_FORMAT = dwarf;
				ENABLE_STRICT_OBJC_MSGSEND = YES;
				ENABLE_TESTABILITY = YES;
				ENABLE_USER_SCRIPT_SANDBOXING = YES;
				GCC_C_LANGUAGE_STANDARD = gnu17;
				GCC_DYNAMIC_NO_PIC = NO;
				GCC_NO_COMMON_BLOCKS = YES;
				GCC_OPTIMIZATION_LEVEL = 0;
				GCC_PREPROCESSOR_DEFINITIONS = (
					"DEBUG=1",
					"$(inherited)",
				);
				GCC_WARN_64_TO_32_BIT_CONVERSION = YES;
				GCC_WARN_ABOUT_RETURN_TYPE = YES_ERROR;
				GCC_WARN_UNDECLARED_SELECTOR = YES;
				GCC_WARN_UNINITIALIZED_AUTOS = YES_AGGRESSIVE;
				GCC_WARN_UNUSED_FUNCTION = YES;
				GCC_WARN_UNUSED_VARIABLE = YES;
				IPHONEOS_DEPLOYMENT_TARGET = 17.2;
				LOCALIZATION_PREFERS_STRING_CATALOGS = YES;
				MTL_ENABLE_DEBUG_INFO = INCLUDE_SOURCE;
				MTL_FAST_MATH = YES;
				ONLY_ACTIVE_ARCH = YES;
				SDKROOT = iphoneos;
			};
			name = Debug;
		};
		8787DB8F2B5968BD0069F32D /* Release */ = {
			isa = XCBuildConfiguration;
			buildSettings = {
				ALWAYS_SEARCH_USER_PATHS = NO;
				ASSETCATALOG_COMPILER_GENERATE_SWIFT_ASSET_SYMBOL_EXTENSIONS = YES;
				CLANG_ANALYZER_NONNULL = YES;
				CLANG_ANALYZER_NUMBER_OBJECT_CONVERSION = YES_AGGRESSIVE;
				CLANG_CXX_LANGUAGE_STANDARD = "gnu++20";
				CLANG_ENABLE_MODULES = YES;
				CLANG_ENABLE_OBJC_ARC = YES;
				CLANG_ENABLE_OBJC_WEAK = YES;
				CLANG_WARN_BLOCK_CAPTURE_AUTORELEASING = YES;
				CLANG_WARN_BOOL_CONVERSION = YES;
				CLANG_WARN_COMMA = YES;
				CLANG_WARN_CONSTANT_CONVERSION = YES;
				CLANG_WARN_DEPRECATED_OBJC_IMPLEMENTATIONS = YES;
				CLANG_WARN_DIRECT_OBJC_ISA_USAGE = YES_ERROR;
				CLANG_WARN_DOCUMENTATION_COMMENTS = YES;
				CLANG_WARN_EMPTY_BODY = YES;
				CLANG_WARN_ENUM_CONVERSION = YES;
				CLANG_WARN_INFINITE_RECURSION = YES;
				CLANG_WARN_INT_CONVERSION = YES;
				CLANG_WARN_NON_LITERAL_NULL_CONVERSION = YES;
				CLANG_WARN_OBJC_IMPLICIT_RETAIN_SELF = YES;
				CLANG_WARN_OBJC_LITERAL_CONVERSION = YES;
				CLANG_WARN_OBJC_ROOT_CLASS = YES_ERROR;
				CLANG_WARN_QUOTED_INCLUDE_IN_FRAMEWORK_HEADER = YES;
				CLANG_WARN_RANGE_LOOP_ANALYSIS = YES;
				CLANG_WARN_STRICT_PROTOTYPES = YES;
				CLANG_WARN_SUSPICIOUS_MOVE = YES;
				CLANG_WARN_UNGUARDED_AVAILABILITY = YES_AGGRESSIVE;
				CLANG_WARN_UNREACHABLE_CODE = YES;
				CLANG_WARN__DUPLICATE_METHOD_MATCH = YES;
				COPY_PHASE_STRIP = NO;
				DEBUG_INFORMATION_FORMAT = "dwarf-with-dsym";
				ENABLE_NS_ASSERTIONS = NO;
				ENABLE_STRICT_OBJC_MSGSEND = YES;
				ENABLE_USER_SCRIPT_SANDBOXING = YES;
				GCC_C_LANGUAGE_STANDARD = gnu17;
				GCC_NO_COMMON_BLOCKS = YES;
				GCC_WARN_64_TO_32_BIT_CONVERSION = YES;
				GCC_WARN_ABOUT_RETURN_TYPE = YES_ERROR;
				GCC_WARN_UNDECLARED_SELECTOR = YES;
				GCC_WARN_UNINITIALIZED_AUTOS = YES_AGGRESSIVE;
				GCC_WARN_UNUSED_FUNCTION = YES;
				GCC_WARN_UNUSED_VARIABLE = YES;
				IPHONEOS_DEPLOYMENT_TARGET = 17.2;
				LOCALIZATION_PREFERS_STRING_CATALOGS = YES;
				MTL_ENABLE_DEBUG_INFO = NO;
				MTL_FAST_MATH = YES;
				SDKROOT = iphoneos;
				VALIDATE_PRODUCT = YES;
			};
			name = Release;
		};
		8787DB912B5968BD0069F32D /* Debug */ = {
			isa = XCBuildConfiguration;
			buildSettings = {
				ASSETCATALOG_COMPILER_APPICON_NAME = AppIcon;
				ASSETCATALOG_COMPILER_GLOBAL_ACCENT_COLOR_NAME = AccentColor;
				CODE_SIGN_STYLE = Automatic;
				CURRENT_PROJECT_VERSION = 1;
				DEVELOPMENT_TEAM = V2Q9CC97FM;
				GENERATE_INFOPLIST_FILE = YES;
				INFOPLIST_FILE = HW05/Info.plist;
				INFOPLIST_KEY_UIApplicationSupportsIndirectInputEvents = YES;
				INFOPLIST_KEY_UILaunchStoryboardName = LaunchScreen;
				INFOPLIST_KEY_UISupportedInterfaceOrientations_iPad = "UIInterfaceOrientationPortrait UIInterfaceOrientationPortraitUpsideDown UIInterfaceOrientationLandscapeLeft UIInterfaceOrientationLandscapeRight";
				INFOPLIST_KEY_UISupportedInterfaceOrientations_iPhone = "UIInterfaceOrientationPortrait UIInterfaceOrientationLandscapeLeft UIInterfaceOrientationLandscapeRight";
				LD_RUNPATH_SEARCH_PATHS = (
					"$(inherited)",
					"@executable_path/Frameworks",
				);
				MARKETING_VERSION = 1.0;
				PRODUCT_BUNDLE_IDENTIFIER = AZ.HW05;
				PRODUCT_NAME = "$(TARGET_NAME)";
				SUPPORTED_PLATFORMS = "iphoneos iphonesimulator";
				SUPPORTS_MACCATALYST = NO;
				SUPPORTS_MAC_DESIGNED_FOR_IPHONE_IPAD = NO;
				SUPPORTS_XR_DESIGNED_FOR_IPHONE_IPAD = NO;
				SWIFT_EMIT_LOC_STRINGS = YES;
				TARGETED_DEVICE_FAMILY = 1;
			};
			name = Debug;
		};
		8787DB922B5968BD0069F32D /* Release */ = {
			isa = XCBuildConfiguration;
			buildSettings = {
				ASSETCATALOG_COMPILER_APPICON_NAME = AppIcon;
				ASSETCATALOG_COMPILER_GLOBAL_ACCENT_COLOR_NAME = AccentColor;
				CODE_SIGN_STYLE = Automatic;
				CURRENT_PROJECT_VERSION = 1;
				DEVELOPMENT_TEAM = V2Q9CC97FM;
				GENERATE_INFOPLIST_FILE = YES;
				INFOPLIST_FILE = HW05/Info.plist;
				INFOPLIST_KEY_UIApplicationSupportsIndirectInputEvents = YES;
				INFOPLIST_KEY_UILaunchStoryboardName = LaunchScreen;
				INFOPLIST_KEY_UISupportedInterfaceOrientations_iPad = "UIInterfaceOrientationPortrait UIInterfaceOrientationPortraitUpsideDown UIInterfaceOrientationLandscapeLeft UIInterfaceOrientationLandscapeRight";
				INFOPLIST_KEY_UISupportedInterfaceOrientations_iPhone = "UIInterfaceOrientationPortrait UIInterfaceOrientationLandscapeLeft UIInterfaceOrientationLandscapeRight";
				LD_RUNPATH_SEARCH_PATHS = (
					"$(inherited)",
					"@executable_path/Frameworks",
				);
				MARKETING_VERSION = 1.0;
				PRODUCT_BUNDLE_IDENTIFIER = AZ.HW05;
				PRODUCT_NAME = "$(TARGET_NAME)";
				SUPPORTED_PLATFORMS = "iphoneos iphonesimulator";
				SUPPORTS_MACCATALYST = NO;
				SUPPORTS_MAC_DESIGNED_FOR_IPHONE_IPAD = NO;
				SUPPORTS_XR_DESIGNED_FOR_IPHONE_IPAD = NO;
				SWIFT_EMIT_LOC_STRINGS = YES;
				TARGETED_DEVICE_FAMILY = 1;
			};
			name = Release;
		};
/* End XCBuildConfiguration section */

/* Begin XCConfigurationList section */
		8787DB722B5968BB0069F32D /* Build configuration list for PBXProject "HW05" */ = {
			isa = XCConfigurationList;
			buildConfigurations = (
				8787DB8E2B5968BD0069F32D /* Debug */,
				8787DB8F2B5968BD0069F32D /* Release */,
			);
			defaultConfigurationIsVisible = 0;
			defaultConfigurationName = Release;
		};
		8787DB902B5968BD0069F32D /* Build configuration list for PBXNativeTarget "HW05" */ = {
			isa = XCConfigurationList;
			buildConfigurations = (
				8787DB912B5968BD0069F32D /* Debug */,
				8787DB922B5968BD0069F32D /* Release */,
			);
			defaultConfigurationIsVisible = 0;
			defaultConfigurationName = Release;
		};
/* End XCConfigurationList section */
	};
	rootObject = 8787DB6F2B5968BB0069F32D /* Project object */;
}
