// !$*UTF8*$!
{
	archiveVersion = 1;
	classes = {
	};
	objectVersion = 56;
	objects = {

/* Begin PBXBuildFile section */
		8742DB662B3B977F009FF506 /* Triangle.m in Sources */ = {isa = PBXBuildFile; fileRef = 8742DB652B3B977F009FF506 /* Triangle.m */; };
		8749051A2B3B7ED900B3AEBA /* main.m in Sources */ = {isa = PBXBuildFile; fileRef = 874905192B3B7ED900B3AEBA /* main.m */; };
		874905222B3B800800B3AEBA /* Figure.m in Sources */ = {isa = PBXBuildFile; fileRef = 874905212B3B800800B3AEBA /* Figure.m */; };
		874905252B3B900A00B3AEBA /* Rectangle.m in Sources */ = {isa = PBXBuildFile; fileRef = 874905242B3B900A00B3AEBA /* Rectangle.m */; };
		874905282B3B93C300B3AEBA /* Circle.m in Sources */ = {isa = PBXBuildFile; fileRef = 874905272B3B93C300B3AEBA /* Circle.m */; };
/* End PBXBuildFile section */

/* Begin PBXCopyFilesBuildPhase section */
		874905142B3B7ED900B3AEBA /* CopyFiles */ = {
			isa = PBXCopyFilesBuildPhase;
			buildActionMask = 2147483647;
			dstPath = /usr/share/man/man1/;
			dstSubfolderSpec = 0;
			files = (
			);
			runOnlyForDeploymentPostprocessing = 1;
		};
/* End PBXCopyFilesBuildPhase section */

/* Begin PBXFileReference section */
		8742DB642B3B977F009FF506 /* Triangle.h */ = {isa = PBXFileReference; lastKnownFileType = sourcecode.c.h; path = Triangle.h; sourceTree = "<group>"; };
		8742DB652B3B977F009FF506 /* Triangle.m */ = {isa = PBXFileReference; lastKnownFileType = sourcecode.c.objc; path = Triangle.m; sourceTree = "<group>"; };
		874905162B3B7ED900B3AEBA /* HW02 */ = {isa = PBXFileReference; explicitFileType = "compiled.mach-o.executable"; includeInIndex = 0; path = HW02; sourceTree = BUILT_PRODUCTS_DIR; };
		874905192B3B7ED900B3AEBA /* main.m */ = {isa = PBXFileReference; lastKnownFileType = sourcecode.c.objc; path = main.m; sourceTree = "<group>"; };
		874905202B3B800800B3AEBA /* Figure.h */ = {isa = PBXFileReference; lastKnownFileType = sourcecode.c.h; path = Figure.h; sourceTree = "<group>"; };
		874905212B3B800800B3AEBA /* Figure.m */ = {isa = PBXFileReference; lastKnownFileType = sourcecode.c.objc; path = Figure.m; sourceTree = "<group>"; };
		874905232B3B900A00B3AEBA /* Rectangle.h */ = {isa = PBXFileReference; lastKnownFileType = sourcecode.c.h; path = Rectangle.h; sourceTree = "<group>"; };
		874905242B3B900A00B3AEBA /* Rectangle.m */ = {isa = PBXFileReference; lastKnownFileType = sourcecode.c.objc; path = Rectangle.m; sourceTree = "<group>"; };
		874905262B3B93C300B3AEBA /* Circle.h */ = {isa = PBXFileReference; lastKnownFileType = sourcecode.c.h; path = Circle.h; sourceTree = "<group>"; };
		874905272B3B93C300B3AEBA /* Circle.m */ = {isa = PBXFileReference; lastKnownFileType = sourcecode.c.objc; path = Circle.m; sourceTree = "<group>"; };
/* End PBXFileReference section */

/* Begin PBXFrameworksBuildPhase section */
		874905132B3B7ED900B3AEBA /* Frameworks */ = {
			isa = PBXFrameworksBuildPhase;
			buildActionMask = 2147483647;
			files = (
			);
			runOnlyForDeploymentPostprocessing = 0;
		};
/* End PBXFrameworksBuildPhase section */

/* Begin PBXGroup section */
		8749050D2B3B7ED900B3AEBA = {
			isa = PBXGroup;
			children = (
				874905182B3B7ED900B3AEBA /* HW02 */,
				874905172B3B7ED900B3AEBA /* Products */,
			);
			sourceTree = "<group>";
		};
		874905172B3B7ED900B3AEBA /* Products */ = {
			isa = PBXGroup;
			children = (
				874905162B3B7ED900B3AEBA /* HW02 */,
			);
			name = Products;
			sourceTree = "<group>";
		};
		874905182B3B7ED900B3AEBA /* HW02 */ = {
			isa = PBXGroup;
			children = (
				874905192B3B7ED900B3AEBA /* main.m */,
				874905202B3B800800B3AEBA /* Figure.h */,
				874905212B3B800800B3AEBA /* Figure.m */,
				874905232B3B900A00B3AEBA /* Rectangle.h */,
				874905242B3B900A00B3AEBA /* Rectangle.m */,
				874905262B3B93C300B3AEBA /* Circle.h */,
				874905272B3B93C300B3AEBA /* Circle.m */,
				8742DB642B3B977F009FF506 /* Triangle.h */,
				8742DB652B3B977F009FF506 /* Triangle.m */,
			);
			path = HW02;
			sourceTree = "<group>";
		};
/* End PBXGroup section */

/* Begin PBXNativeTarget section */
		874905152B3B7ED900B3AEBA /* HW02 */ = {
			isa = PBXNativeTarget;
			buildConfigurationList = 8749051D2B3B7ED900B3AEBA /* Build configuration list for PBXNativeTarget "HW02" */;
			buildPhases = (
				874905122B3B7ED900B3AEBA /* Sources */,
				874905132B3B7ED900B3AEBA /* Frameworks */,
				874905142B3B7ED900B3AEBA /* CopyFiles */,
			);
			buildRules = (
			);
			dependencies = (
			);
			name = HW02;
			productName = HW02;
			productReference = 874905162B3B7ED900B3AEBA /* HW02 */;
			productType = "com.apple.product-type.tool";
		};
/* End PBXNativeTarget section */

/* Begin PBXProject section */
		8749050E2B3B7ED900B3AEBA /* Project object */ = {
			isa = PBXProject;
			attributes = {
				BuildIndependentTargetsInParallel = 1;
				LastUpgradeCheck = 1510;
				TargetAttributes = {
					874905152B3B7ED900B3AEBA = {
						CreatedOnToolsVersion = 15.1;
					};
				};
			};
			buildConfigurationList = 874905112B3B7ED900B3AEBA /* Build configuration list for PBXProject "HW02" */;
			compatibilityVersion = "Xcode 14.0";
			developmentRegion = en;
			hasScannedForEncodings = 0;
			knownRegions = (
				en,
				Base,
			);
			mainGroup = 8749050D2B3B7ED900B3AEBA;
			productRefGroup = 874905172B3B7ED900B3AEBA /* Products */;
			projectDirPath = "";
			projectRoot = "";
			targets = (
				874905152B3B7ED900B3AEBA /* HW02 */,
			);
		};
/* End PBXProject section */

/* Begin PBXSourcesBuildPhase section */
		874905122B3B7ED900B3AEBA /* Sources */ = {
			isa = PBXSourcesBuildPhase;
			buildActionMask = 2147483647;
			files = (
				8742DB662B3B977F009FF506 /* Triangle.m in Sources */,
				8749051A2B3B7ED900B3AEBA /* main.m in Sources */,
				874905282B3B93C300B3AEBA /* Circle.m in Sources */,
				874905222B3B800800B3AEBA /* Figure.m in Sources */,
				874905252B3B900A00B3AEBA /* Rectangle.m in Sources */,
			);
			runOnlyForDeploymentPostprocessing = 0;
		};
/* End PBXSourcesBuildPhase section */

/* Begin XCBuildConfiguration section */
		8749051B2B3B7ED900B3AEBA /* Debug */ = {
			isa = XCBuildConfiguration;
			buildSettings = {
				ALWAYS_SEARCH_USER_PATHS = NO;
				ASSETCATALOG_COMPILER_GENERATE_SWIFT_ASSET_SYMBOL_EXTENSIONS = YES;
				CLANG_ANALYZER_NONNULL = YES;
				CLANG_ANALYZER_NUMBER_OBJECT_CONVERSION = YES_AGGRESSIVE;
				CLANG_CXX_LANGUAGE_STANDARD = "gnu++20";
				CLANG_ENABLE_MODULES = YES;
				CLANG_ENABLE_OBJC_ARC = YES;
				CLANG_ENABLE_OBJC_WEAK = YES;
				CLANG_WARN_BLOCK_CAPTURE_AUTORELEASING = YES;
				CLANG_WARN_BOOL_CONVERSION = YES;
				CLANG_WARN_COMMA = YES;
				CLANG_WARN_CONSTANT_CONVERSION = YES;
				CLANG_WARN_DEPRECATED_OBJC_IMPLEMENTATIONS = YES;
				CLANG_WARN_DIRECT_OBJC_ISA_USAGE = YES_ERROR;
				CLANG_WARN_DOCUMENTATION_COMMENTS = YES;
				CLANG_WARN_EMPTY_BODY = YES;
				CLANG_WARN_ENUM_CONVERSION = YES;
				CLANG_WARN_INFINITE_RECURSION = YES;
				CLANG_WARN_INT_CONVERSION = YES;
				CLANG_WARN_NON_LITERAL_NULL_CONVERSION = YES;
				CLANG_WARN_OBJC_IMPLICIT_RETAIN_SELF = YES;
				CLANG_WARN_OBJC_LITERAL_CONVERSION = YES;
				CLANG_WARN_OBJC_ROOT_CLASS = YES_ERROR;
				CLANG_WARN_QUOTED_INCLUDE_IN_FRAMEWORK_HEADER = YES;
				CLANG_WARN_RANGE_LOOP_ANALYSIS = YES;
				CLANG_WARN_STRICT_PROTOTYPES = YES;
				CLANG_WARN_SUSPICIOUS_MOVE = YES;
				CLANG_WARN_UNGUARDED_AVAILABILITY = YES_AGGRESSIVE;
				CLANG_WARN_UNREACHABLE_CODE = YES;
				CLANG_WARN__DUPLICATE_METHOD_MATCH = YES;
				COPY_PHASE_STRIP = NO;
				DEBUG_INFORMATION_FORMAT = dwarf;
				ENABLE_STRICT_OBJC_MSGSEND = YES;
				ENABLE_TESTABILITY = YES;
				ENABLE_USER_SCRIPT_SANDBOXING = YES;
				GCC_C_LANGUAGE_STANDARD = gnu17;
				GCC_DYNAMIC_NO_PIC = NO;
				GCC_NO_COMMON_BLOCKS = YES;
				GCC_OPTIMIZATION_LEVEL = 0;
				GCC_PREPROCESSOR_DEFINITIONS = (
					"DEBUG=1",
					"$(inherited)",
				);
				GCC_WARN_64_TO_32_BIT_CONVERSION = YES;
				GCC_WARN_ABOUT_RETURN_TYPE = YES_ERROR;
				GCC_WARN_UNDECLARED_SELECTOR = YES;
				GCC_WARN_UNINITIALIZED_AUTOS = YES_AGGRESSIVE;
				GCC_WARN_UNUSED_FUNCTION = YES;
				GCC_WARN_UNUSED_VARIABLE = YES;
				LOCALIZATION_PREFERS_STRING_CATALOGS = YES;
				MACOSX_DEPLOYMENT_TARGET = 14.2;
				MTL_ENABLE_DEBUG_INFO = INCLUDE_SOURCE;
				MTL_FAST_MATH = YES;
				ONLY_ACTIVE_ARCH = YES;
				SDKROOT = macosx;
			};
			name = Debug;
		};
		8749051C2B3B7ED900B3AEBA /* Release */ = {
			isa = XCBuildConfiguration;
			buildSettings = {
				ALWAYS_SEARCH_USER_PATHS = NO;
				ASSETCATALOG_COMPILER_GENERATE_SWIFT_ASSET_SYMBOL_EXTENSIONS = YES;
				CLANG_ANALYZER_NONNULL = YES;
				CLANG_ANALYZER_NUMBER_OBJECT_CONVERSION = YES_AGGRESSIVE;
				CLANG_CXX_LANGUAGE_STANDARD = "gnu++20";
				CLANG_ENABLE_MODULES = YES;
				CLANG_ENABLE_OBJC_ARC = YES;
				CLANG_ENABLE_OBJC_WEAK = YES;
				CLANG_WARN_BLOCK_CAPTURE_AUTORELEASING = YES;
				CLANG_WARN_BOOL_CONVERSION = YES;
				CLANG_WARN_COMMA = YES;
				CLANG_WARN_CONSTANT_CONVERSION = YES;
				CLANG_WARN_DEPRECATED_OBJC_IMPLEMENTATIONS = YES;
				CLANG_WARN_DIRECT_OBJC_ISA_USAGE = YES_ERROR;
				CLANG_WARN_DOCUMENTATION_COMMENTS = YES;
				CLANG_WARN_EMPTY_BODY = YES;
				CLANG_WARN_ENUM_CONVERSION = YES;
				CLANG_WARN_INFINITE_RECURSION = YES;
				CLANG_WARN_INT_CONVERSION = YES;
				CLANG_WARN_NON_LITERAL_NULL_CONVERSION = YES;
				CLANG_WARN_OBJC_IMPLICIT_RETAIN_SELF = YES;
				CLANG_WARN_OBJC_LITERAL_CONVERSION = YES;
				CLANG_WARN_OBJC_ROOT_CLASS = YES_ERROR;
				CLANG_WARN_QUOTED_INCLUDE_IN_FRAMEWORK_HEADER = YES;
				CLANG_WARN_RANGE_LOOP_ANALYSIS = YES;
				CLANG_WARN_STRICT_PROTOTYPES = YES;
				CLANG_WARN_SUSPICIOUS_MOVE = YES;
				CLANG_WARN_UNGUARDED_AVAILABILITY = YES_AGGRESSIVE;
				CLANG_WARN_UNREACHABLE_CODE = YES;
				CLANG_WARN__DUPLICATE_METHOD_MATCH = YES;
				COPY_PHASE_STRIP = NO;
				DEBUG_INFORMATION_FORMAT = "dwarf-with-dsym";
				ENABLE_NS_ASSERTIONS = NO;
				ENABLE_STRICT_OBJC_MSGSEND = YES;
				ENABLE_USER_SCRIPT_SANDBOXING = YES;
				GCC_C_LANGUAGE_STANDARD = gnu17;
				GCC_NO_COMMON_BLOCKS = YES;
				GCC_WARN_64_TO_32_BIT_CONVERSION = YES;
				GCC_WARN_ABOUT_RETURN_TYPE = YES_ERROR;
				GCC_WARN_UNDECLARED_SELECTOR = YES;
				GCC_WARN_UNINITIALIZED_AUTOS = YES_AGGRESSIVE;
				GCC_WARN_UNUSED_FUNCTION = YES;
				GCC_WARN_UNUSED_VARIABLE = YES;
				LOCALIZATION_PREFERS_STRING_CATALOGS = YES;
				MACOSX_DEPLOYMENT_TARGET = 14.2;
				MTL_ENABLE_DEBUG_INFO = NO;
				MTL_FAST_MATH = YES;
				SDKROOT = macosx;
			};
			name = Release;
		};
		8749051E2B3B7ED900B3AEBA /* Debug */ = {
			isa = XCBuildConfiguration;
			buildSettings = {
				CODE_SIGN_STYLE = Automatic;
				DEVELOPMENT_TEAM = V2Q9CC97FM;
				ENABLE_HARDENED_RUNTIME = YES;
				PRODUCT_NAME = "$(TARGET_NAME)";
			};
			name = Debug;
		};
		8749051F2B3B7ED900B3AEBA /* Release */ = {
			isa = XCBuildConfiguration;
			buildSettings = {
				CODE_SIGN_STYLE = Automatic;
				DEVELOPMENT_TEAM = V2Q9CC97FM;
				ENABLE_HARDENED_RUNTIME = YES;
				PRODUCT_NAME = "$(TARGET_NAME)";
			};
			name = Release;
		};
/* End XCBuildConfiguration section */

/* Begin XCConfigurationList section */
		874905112B3B7ED900B3AEBA /* Build configuration list for PBXProject "HW02" */ = {
			isa = XCConfigurationList;
			buildConfigurations = (
				8749051B2B3B7ED900B3AEBA /* Debug */,
				8749051C2B3B7ED900B3AEBA /* Release */,
			);
			defaultConfigurationIsVisible = 0;
			defaultConfigurationName = Release;
		};
		8749051D2B3B7ED900B3AEBA /* Build configuration list for PBXNativeTarget "HW02" */ = {
			isa = XCConfigurationList;
			buildConfigurations = (
				8749051E2B3B7ED900B3AEBA /* Debug */,
				8749051F2B3B7ED900B3AEBA /* Release */,
			);
			defaultConfigurationIsVisible = 0;
			defaultConfigurationName = Release;
		};
/* End XCConfigurationList section */
	};
	rootObject = 8749050E2B3B7ED900B3AEBA /* Project object */;
}
